
Microsoft Visual Studio Solution File, Format Version 12.00
# Visual Studio 2012
Project("{FAE04EC0-301F-11D3-BF4B-00C04F79EFBC}") = "Net.Code.Csv", "Net.Code.Csv\Net.Code.Csv.csproj", "{E3B83D68-C90C-4874-8E5F-DEC8D038BC7C}"
EndProject
Project("{FAE04EC0-301F-11D3-BF4B-00C04F79EFBC}") = "Net.Code.Csv.Tests.Unit", "Net.Code.Csv.Tests.Unit\Net.Code.Csv.Tests.Unit.csproj", "{DBF22390-41BC-4E33-BC9E-F381621EBF01}"
EndProject
Project("{2150E333-8FDC-42A3-9474-1A3956D46DE8}") = ".nuget", ".nuget", "{A96389A6-3A9E-4C56-AE61-2F38845610F1}"
	ProjectSection(SolutionItems) = preProject
		.nuget\NuGet.Config = .nuget\NuGet.Config
		.nuget\NuGet.exe = .nuget\NuGet.exe
		.nuget\NuGet.targets = .nuget\NuGet.targets
	EndProjectSection
EndProject
Global
	GlobalSection(SolutionConfigurationPlatforms) = preSolution
		Debug|Any CPU = Debug|Any CPU
		Release 4.0|Any CPU = Release 4.0|Any CPU
		Release 4.5|Any CPU = Release 4.5|Any CPU
		Release|Any CPU = Release|Any CPU
	EndGlobalSection
	GlobalSection(ProjectConfigurationPlatforms) = postSolution
		{E3B83D68-C90C-4874-8E5F-DEC8D038BC7C}.Debug|Any CPU.ActiveCfg = Debug|Any CPU
		{E3B83D68-C90C-4874-8E5F-DEC8D038BC7C}.Debug|Any CPU.Build.0 = Debug|Any CPU
		{E3B83D68-C90C-4874-8E5F-DEC8D038BC7C}.Release 4.0|Any CPU.ActiveCfg = Release 4.0|Any CPU
		{E3B83D68-C90C-4874-8E5F-DEC8D038BC7C}.Release 4.0|Any CPU.Build.0 = Release 4.0|Any CPU
		{E3B83D68-C90C-4874-8E5F-DEC8D038BC7C}.Release 4.5|Any CPU.ActiveCfg = Release 4.5|Any CPU
		{E3B83D68-C90C-4874-8E5F-DEC8D038BC7C}.Release 4.5|Any CPU.Build.0 = Release 4.5|Any CPU
		{E3B83D68-C90C-4874-8E5F-DEC8D038BC7C}.Release|Any CPU.ActiveCfg = Release|Any CPU
		{E3B83D68-C90C-4874-8E5F-DEC8D038BC7C}.Release|Any CPU.Build.0 = Release|Any CPU
		{DBF22390-41BC-4E33-BC9E-F381621EBF01}.Debug|Any CPU.ActiveCfg = Debug|Any CPU
		{DBF22390-41BC-4E33-BC9E-F381621EBF01}.Debug|Any CPU.Build.0 = Debug|Any CPU
		{DBF22390-41BC-4E33-BC9E-F381621EBF01}.Release 4.0|Any CPU.ActiveCfg = Release 4.0|Any CPU
		{DBF22390-41BC-4E33-BC9E-F381621EBF01}.Release 4.5|Any CPU.ActiveCfg = Release 4.5|Any CPU
		{DBF22390-41BC-4E33-BC9E-F381621EBF01}.Release|Any CPU.ActiveCfg = Release|Any CPU
		{DBF22390-41BC-4E33-BC9E-F381621EBF01}.Release|Any CPU.Build.0 = Release|Any CPU
	EndGlobalSection
	GlobalSection(SolutionProperties) = preSolution
		HideSolutionNode = FALSE
	EndGlobalSection
EndGlobal
